
Microsoft Visual Studio Solution File, Format Version 12.00
# Visual Studio Version 17
VisualStudioVersion = 17.4.33213.308
MinimumVisualStudioVersion = 10.0.40219.1
Project("{FAE04EC0-301F-11D3-BF4B-00C04F79EFBC}") = "tabuada", "tabuada\tabuada.csproj", "{441DABC6-E6FF-4FF2-8BF9-F4C6DD344613}"
EndProject
Global
	GlobalSection(SolutionConfigurationPlatforms) = preSolution
		Debug|Any CPU = Debug|Any CPU
		Release|Any CPU = Release|Any CPU
	EndGlobalSection
	GlobalSection(ProjectConfigurationPlatforms) = postSolution
		{441DABC6-E6FF-4FF2-8BF9-F4C6DD344613}.Debug|Any CPU.ActiveCfg = Debug|Any CPU
		{441DABC6-E6FF-4FF2-8BF9-F4C6DD344613}.Debug|Any CPU.Build.0 = Debug|Any CPU
		{441DABC6-E6FF-4FF2-8BF9-F4C6DD344613}.Release|Any CPU.ActiveCfg = Release|Any CPU
		{441DABC6-E6FF-4FF2-8BF9-F4C6DD344613}.Release|Any CPU.Build.0 = Release|Any CPU
	EndGlobalSection
	GlobalSection(SolutionProperties) = preSolution
		HideSolutionNode = FALSE
	EndGlobalSection
	GlobalSection(ExtensibilityGlobals) = postSolution
		SolutionGuid = {D1572623-7254-4BE8-87A3-802B5DC7BF4E}
	EndGlobalSection
EndGlobal
